
Microsoft Visual Studio Solution File, Format Version 12.00
# Visual Studio Version 16
VisualStudioVersion = 16.0.30011.22
MinimumVisualStudioVersion = 10.0.40219.1
Project("{FAE04EC0-301F-11D3-BF4B-00C04F79EFBC}") = "Modelo", "Modelo\Modelo.csproj", "{FD9221FA-101D-4BD6-89A1-BE1AFED44866}"
EndProject
Global
	GlobalSection(SolutionConfigurationPlatforms) = preSolution
		Debug|Any CPU = Debug|Any CPU
		Release|Any CPU = Release|Any CPU
	EndGlobalSection
	GlobalSection(ProjectConfigurationPlatforms) = postSolution
		{FD9221FA-101D-4BD6-89A1-BE1AFED44866}.Debug|Any CPU.ActiveCfg = Debug|Any CPU
		{FD9221FA-101D-4BD6-89A1-BE1AFED44866}.Debug|Any CPU.Build.0 = Debug|Any CPU
		{FD9221FA-101D-4BD6-89A1-BE1AFED44866}.Release|Any CPU.ActiveCfg = Release|Any CPU
		{FD9221FA-101D-4BD6-89A1-BE1AFED44866}.Release|Any CPU.Build.0 = Release|Any CPU
	EndGlobalSection
	GlobalSection(SolutionProperties) = preSolution
		HideSolutionNode = FALSE
	EndGlobalSection
	GlobalSection(ExtensibilityGlobals) = postSolution
		SolutionGuid = {963C3726-4B98-40C6-AEA2-6F830F8FD3B1}
	EndGlobalSection
EndGlobal
